
Microsoft Visual Studio Solution File, Format Version 12.00
# Visual Studio Version 17
VisualStudioVersion = 17.11.35222.181
MinimumVisualStudioVersion = 10.0.40219.1
Project("{FAE04EC0-301F-11D3-BF4B-00C04F79EFBC}") = "VerifyMail", "VerifyMail.csproj", "{8A3AB0C1-A97F-4338-A551-D9C73581E174}"
EndProject
Global
	GlobalSection(SolutionConfigurationPlatforms) = preSolution
		Debug|Any CPU = Debug|Any CPU
		Release|Any CPU = Release|Any CPU
	EndGlobalSection
	GlobalSection(ProjectConfigurationPlatforms) = postSolution
		{8A3AB0C1-A97F-4338-A551-D9C73581E174}.Debug|Any CPU.ActiveCfg = Debug|Any CPU
		{8A3AB0C1-A97F-4338-A551-D9C73581E174}.Debug|Any CPU.Build.0 = Debug|Any CPU
		{8A3AB0C1-A97F-4338-A551-D9C73581E174}.Release|Any CPU.ActiveCfg = Release|Any CPU
		{8A3AB0C1-A97F-4338-A551-D9C73581E174}.Release|Any CPU.Build.0 = Release|Any CPU
	EndGlobalSection
	GlobalSection(SolutionProperties) = preSolution
		HideSolutionNode = FALSE
	EndGlobalSection
	GlobalSection(ExtensibilityGlobals) = postSolution
		SolutionGuid = {2C777511-2F1C-4A41-8C3F-1912A3BF9E74}
	EndGlobalSection
EndGlobal
